
Microsoft Visual Studio Solution File, Format Version 12.00
# Visual Studio 2013
VisualStudioVersion = 12.0.31101.0
MinimumVisualStudioVersion = 10.0.40219.1
Project("{FAE04EC0-301F-11D3-BF4B-00C04F79EFBC}") = "Synth", "Synth\Synth.csproj", "{76C0062D-0EB9-4B6C-B9C7-94AF877F806B}"
EndProject
Project("{FAE04EC0-301F-11D3-BF4B-00C04F79EFBC}") = "Test", "Test\Test.csproj", "{CF87897C-8707-446D-8322-9EDE177396E6}"
EndProject
Global
	GlobalSection(SolutionConfigurationPlatforms) = preSolution
		Debug|Any CPU = Debug|Any CPU
		Release|Any CPU = Release|Any CPU
	EndGlobalSection
	GlobalSection(ProjectConfigurationPlatforms) = postSolution
		{76C0062D-0EB9-4B6C-B9C7-94AF877F806B}.Debug|Any CPU.ActiveCfg = Debug|Any CPU
		{76C0062D-0EB9-4B6C-B9C7-94AF877F806B}.Debug|Any CPU.Build.0 = Debug|Any CPU
		{76C0062D-0EB9-4B6C-B9C7-94AF877F806B}.Release|Any CPU.ActiveCfg = Release|Any CPU
		{76C0062D-0EB9-4B6C-B9C7-94AF877F806B}.Release|Any CPU.Build.0 = Release|Any CPU
		{CF87897C-8707-446D-8322-9EDE177396E6}.Debug|Any CPU.ActiveCfg = Debug|Any CPU
		{CF87897C-8707-446D-8322-9EDE177396E6}.Debug|Any CPU.Build.0 = Debug|Any CPU
		{CF87897C-8707-446D-8322-9EDE177396E6}.Release|Any CPU.ActiveCfg = Release|Any CPU
		{CF87897C-8707-446D-8322-9EDE177396E6}.Release|Any CPU.Build.0 = Release|Any CPU
	EndGlobalSection
	GlobalSection(SolutionProperties) = preSolution
		HideSolutionNode = FALSE
	EndGlobalSection
EndGlobal
